// !$*UTF8*$!
{
	archiveVersion = 1;
	classes = {
	};
	objectVersion = 77;
	objects = {

/* Begin PBXBuildFile section */
		A513D21F302F3F37006F2F63 /* Alamofire in Frameworks */ = {isa = PBXBuildFile; productRef = 7757544239F2437D9A58B28E /* Alamofire */; };
/* End PBXBuildFile section */

/* Begin PBXContainerItemProxy section */
		144B8C61681976C67C1E4253 /* PBXContainerItemProxy */ = {
			isa = PBXContainerItemProxy;
			containerPortal = 8052AE0139A4812A4FF7186A /* Project object */;
			proxyType = 1;
			remoteGlobalIDString = 0B2050DBE819632AE17AFE04;
			remoteInfo = Folioseam;
		};
		B53F89E0F8150AD8A57C4004 /* PBXContainerItemProxy */ = {
			isa = PBXContainerItemProxy;
			containerPortal = 8052AE0139A4812A4FF7186A /* Project object */;
			proxyType = 1;
			remoteGlobalIDString = 0B2050DBE819632AE17AFE04;
			remoteInfo = Folioseam;
		};
/* End PBXContainerItemProxy section */

/* Begin PBXFileReference section */
		3C6A01D9EF79186C19DE3D84 /* FolioseamTests.xctest */ = {isa = PBXFileReference; explicitFileType = wrapper.cfbundle; includeInIndex = 0; path = FolioseamTests.xctest; sourceTree = BUILT_PRODUCTS_DIR; };
		4274A3DE8C6F57AFC05041C4 /* FolioseamUITests.xctest */ = {isa = PBXFileReference; explicitFileType = wrapper.cfbundle; includeInIndex = 0; path = FolioseamUITests.xctest; sourceTree = BUILT_PRODUCTS_DIR; };
		44109AE20752F7648D80E719 /* Folioseam.app */ = {isa = PBXFileReference; explicitFileType = wrapper.application; includeInIndex = 0; path = Folioseam.app; sourceTree = BUILT_PRODUCTS_DIR; };
/* End PBXFileReference section */

/* Begin PBXFileSystemSynchronizedRootGroup section */
		3E6D78AFA041749B51E9E47A /* Folioseam */ = {
			isa = PBXFileSystemSynchronizedRootGroup;
			path = Folioseam;
			sourceTree = "<group>";
		};
		4B25595713AF0B151B33BAE2 /* FolioseamUITests */ = {
			isa = PBXFileSystemSynchronizedRootGroup;
			path = FolioseamUITests;
			sourceTree = "<group>";
		};
		6CFCFC06D5A9C3F5D1FAE4DD /* FolioseamTests */ = {
			isa = PBXFileSystemSynchronizedRootGroup;
			path = FolioseamTests;
			sourceTree = "<group>";
		};
/* End PBXFileSystemSynchronizedRootGroup section */

/* Begin PBXFrameworksBuildPhase section */
		037518BDB76F9513D7C020A1 /* Frameworks */ = {
			isa = PBXFrameworksBuildPhase;
			buildActionMask = 2147483647;
			files = (
			);
			runOnlyForDeploymentPostprocessing = 0;
		};
		21689B9CE7D3D1D92D7A385E /* Frameworks */ = {
			isa = PBXFrameworksBuildPhase;
			buildActionMask = 2147483647;
			files = (
				A513D21F302F3F37006F2F63 /* Alamofire in Frameworks */,
			);
			runOnlyForDeploymentPostprocessing = 0;
		};
		8E1389ADC489D0DA1C328AAE /* Frameworks */ = {
			isa = PBXFrameworksBuildPhase;
			buildActionMask = 2147483647;
			files = (
			);
			runOnlyForDeploymentPostprocessing = 0;
		};
/* End PBXFrameworksBuildPhase section */

/* Begin PBXGroup section */
		61499DE0DEBA58E9C2A0BCC2 /* Products */ = {
			isa = PBXGroup;
			children = (
				44109AE20752F7648D80E719 /* Folioseam.app */,
				3C6A01D9EF79186C19DE3D84 /* FolioseamTests.xctest */,
				4274A3DE8C6F57AFC05041C4 /* FolioseamUITests.xctest */,
			);
			name = Products;
			sourceTree = "<group>";
		};
		DF4F5D4B146FCBA2F62C1F11 = {
			isa = PBXGroup;
			children = (
				3E6D78AFA041749B51E9E47A /* Folioseam */,
				6CFCFC06D5A9C3F5D1FAE4DD /* FolioseamTests */,
				4B25595713AF0B151B33BAE2 /* FolioseamUITests */,
				61499DE0DEBA58E9C2A0BCC2 /* Products */,
			);
			sourceTree = "<group>";
		};
/* End PBXGroup section */

/* Begin PBXNativeTarget section */
		0B2050DBE819632AE17AFE04 /* Folioseam */ = {
			isa = PBXNativeTarget;
			buildConfigurationList = 2B9C9E3502F8C7B806D31526 /* Build configuration list for PBXNativeTarget "Folioseam" */;
			buildPhases = (
				D8A3DB2AE74B2B9124F35C7F /* Sources */,
				21689B9CE7D3D1D92D7A385E /* Frameworks */,
				A4543A1EF9161ECAE11827B9 /* Resources */,
			);
			buildRules = (
			);
			dependencies = (
			);
			fileSystemSynchronizedGroups = (
				3E6D78AFA041749B51E9E47A /* Folioseam */,
			);
			name = Folioseam;
			packageProductDependencies = (
				7757544239F2437D9A58B28E /* Alamofire */,
			);
			productName = Folioseam;
			productReference = 44109AE20752F7648D80E719 /* Folioseam.app */;
			productType = "com.apple.product-type.application";
		};
		8E2C82464E03D932BF1F6432 /* FolioseamTests */ = {
			isa = PBXNativeTarget;
			buildConfigurationList = 1A8A2E730270CED58B692ECE /* Build configuration list for PBXNativeTarget "FolioseamTests" */;
			buildPhases = (
				602E95D4F93798B800B4EA3A /* Sources */,
				8E1389ADC489D0DA1C328AAE /* Frameworks */,
				245931E07A50F028DFA1B6F0 /* Resources */,
			);
			buildRules = (
			);
			dependencies = (
				910BC4186F1A1105887CC2D9 /* PBXTargetDependency */,
			);
			fileSystemSynchronizedGroups = (
				6CFCFC06D5A9C3F5D1FAE4DD /* FolioseamTests */,
			);
			name = FolioseamTests;
			packageProductDependencies = (
			);
			productName = FolioseamTests;
			productReference = 3C6A01D9EF79186C19DE3D84 /* FolioseamTests.xctest */;
			productType = "com.apple.product-type.bundle.unit-test";
		};
		F50D011CE1FAD8B02E560880 /* FolioseamUITests */ = {
			isa = PBXNativeTarget;
			buildConfigurationList = 68E15C1B8212D19047DCA184 /* Build configuration list for PBXNativeTarget "FolioseamUITests" */;
			buildPhases = (
				5E6E231EC07DF54890D9BAEE /* Sources */,
				037518BDB76F9513D7C020A1 /* Frameworks */,
				E8CC23D63430D4C628D12CB1 /* Resources */,
			);
			buildRules = (
			);
			dependencies = (
				3C1E423C7C71DCD9F1C24FDE /* PBXTargetDependency */,
			);
			fileSystemSynchronizedGroups = (
				4B25595713AF0B151B33BAE2 /* FolioseamUITests */,
			);
			name = FolioseamUITests;
			packageProductDependencies = (
			);
			productName = FolioseamUITests;
			productReference = 4274A3DE8C6F57AFC05041C4 /* FolioseamUITests.xctest */;
			productType = "com.apple.product-type.bundle.ui-testing";
		};
/* End PBXNativeTarget section */

/* Begin PBXProject section */
		8052AE0139A4812A4FF7186A /* Project object */ = {
			isa = PBXProject;
			attributes = {
				BuildIndependentTargetsInParallel = 1;
				LastSwiftUpdateCheck = 2650;
				LastUpgradeCheck = 1640;
				TargetAttributes = {
					0B2050DBE819632AE17AFE04 = {
						CreatedOnToolsVersion = 16.0;
					};
					8E2C82464E03D932BF1F6432 = {
						CreatedOnToolsVersion = 26.0;
						TestTargetID = 0B2050DBE819632AE17AFE04;
					};
					F50D011CE1FAD8B02E560880 = {
						CreatedOnToolsVersion = 16.0;
						TestTargetID = 0B2050DBE819632AE17AFE04;
					};
				};
			};
			buildConfigurationList = 8925EE11C92F36AED77E5C64 /* Build configuration list for PBXProject "Folioseam" */;
			developmentRegion = en;
			hasScannedForEncodings = 0;
			knownRegions = (
				en,
				Base,
			);
			mainGroup = DF4F5D4B146FCBA2F62C1F11;
			minimizedProjectReferenceProxies = 1;
			packageReferences = (
				283595EBB7E84AC78FC02E77 /* XCRemoteSwiftPackageReference "Alamofire" */,
			);
			preferredProjectObjectVersion = 77;
			productRefGroup = 61499DE0DEBA58E9C2A0BCC2 /* Products */;
			projectDirPath = "";
			projectRoot = "";
			targets = (
				0B2050DBE819632AE17AFE04 /* Folioseam */,
				8E2C82464E03D932BF1F6432 /* FolioseamTests */,
				F50D011CE1FAD8B02E560880 /* FolioseamUITests */,
			);
		};
/* End PBXProject section */

/* Begin PBXResourcesBuildPhase section */
		245931E07A50F028DFA1B6F0 /* Resources */ = {
			isa = PBXResourcesBuildPhase;
			buildActionMask = 2147483647;
			files = (
			);
			runOnlyForDeploymentPostprocessing = 0;
		};
		A4543A1EF9161ECAE11827B9 /* Resources */ = {
			isa = PBXResourcesBuildPhase;
			buildActionMask = 2147483647;
			files = (
			);
			runOnlyForDeploymentPostprocessing = 0;
		};
		E8CC23D63430D4C628D12CB1 /* Resources */ = {
			isa = PBXResourcesBuildPhase;
			buildActionMask = 2147483647;
			files = (
			);
			runOnlyForDeploymentPostprocessing = 0;
		};
/* End PBXResourcesBuildPhase section */

/* Begin PBXSourcesBuildPhase section */
		5E6E231EC07DF54890D9BAEE /* Sources */ = {
			isa = PBXSourcesBuildPhase;
			buildActionMask = 2147483647;
			files = (
			);
			runOnlyForDeploymentPostprocessing = 0;
		};
		602E95D4F93798B800B4EA3A /* Sources */ = {
			isa = PBXSourcesBuildPhase;
			buildActionMask = 2147483647;
			files = (
			);
			runOnlyForDeploymentPostprocessing = 0;
		};
		D8A3DB2AE74B2B9124F35C7F /* Sources */ = {
			isa = PBXSourcesBuildPhase;
			buildActionMask = 2147483647;
			files = (
			);
			runOnlyForDeploymentPostprocessing = 0;
		};
/* End PBXSourcesBuildPhase section */

/* Begin PBXTargetDependency section */
		3C1E423C7C71DCD9F1C24FDE /* PBXTargetDependency */ = {
			isa = PBXTargetDependency;
			target = 0B2050DBE819632AE17AFE04 /* Folioseam */;
			targetProxy = B53F89E0F8150AD8A57C4004 /* PBXContainerItemProxy */;
		};
		910BC4186F1A1105887CC2D9 /* PBXTargetDependency */ = {
			isa = PBXTargetDependency;
			target = 0B2050DBE819632AE17AFE04 /* Folioseam */;
			targetProxy = 144B8C61681976C67C1E4253 /* PBXContainerItemProxy */;
		};
/* End PBXTargetDependency section */

/* Begin XCBuildConfiguration section */
		229110AB5C7647CC10DC929C /* Release */ = {
			isa = XCBuildConfiguration;
			buildSettings = {
				ASSETCATALOG_COMPILER_APPICON_NAME = AppIcon;
				ASSETCATALOG_COMPILER_GLOBAL_ACCENT_COLOR_NAME = AccentColor;
				CODE_SIGN_ENTITLEMENTS = Folioseam/Folioseam.entitlements;
				CODE_SIGN_STYLE = Manual;
				CURRENT_PROJECT_VERSION = 7;
				DEVELOPMENT_TEAM = "";
				ENABLE_PREVIEWS = YES;
				GENERATE_INFOPLIST_FILE = YES;
				INFOPLIST_KEY_CFBundleDisplayName = Folioseam;
				INFOPLIST_KEY_NSPhotoLibraryUsageDescription = "Attach a before/after photo of the book you are restoring. Images remain on this device.";
				INFOPLIST_KEY_UIApplicationSceneManifest_Generation = YES;
				INFOPLIST_KEY_UIApplicationSupportsIndirectInputEvents = YES;
				INFOPLIST_KEY_UILaunchScreen_Generation = YES;
				INFOPLIST_KEY_UISupportedInterfaceOrientations = "UIInterfaceOrientationLandscapeLeft UIInterfaceOrientationLandscapeRight UIInterfaceOrientationPortrait";
				INFOPLIST_KEY_UISupportedInterfaceOrientations_iPad = "UIInterfaceOrientationLandscapeLeft UIInterfaceOrientationLandscapeRight UIInterfaceOrientationPortrait UIInterfaceOrientationPortraitUpsideDown";
				LD_RUNPATH_SEARCH_PATHS = (
					"$(inherited)",
					"@executable_path/Frameworks",
				);
				MARKETING_VERSION = 1.1;
				PRODUCT_BUNDLE_IDENTIFIER = com.folioseam.bind;
				PRODUCT_NAME = "$(TARGET_NAME)";
				PROVISIONING_PROFILE_SPECIFIER = "";
				SUPPORTED_PLATFORMS = "iphoneos iphonesimulator";
				SUPPORTS_MACCATALYST = NO;
				SWIFT_EMIT_LOC_STRINGS = YES;
				SWIFT_VERSION = 6.2;
				TARGETED_DEVICE_FAMILY = "1,2";
			};
			name = Release;
		};
		22C7C5EF519CBF059BC6AC18 /* Debug */ = {
			isa = XCBuildConfiguration;
			buildSettings = {
				CODE_SIGN_STYLE = Automatic;
				CURRENT_PROJECT_VERSION = 7;
				GENERATE_INFOPLIST_FILE = YES;
				IPHONEOS_DEPLOYMENT_TARGET = 17.0;
				MARKETING_VERSION = 1.0.3;
				PRODUCT_BUNDLE_IDENTIFIER = com.folioseam.bind.uitests;
				PRODUCT_NAME = "$(TARGET_NAME)";
				SWIFT_EMIT_LOC_STRINGS = NO;
				SWIFT_VERSION = 6.2;
				TARGETED_DEVICE_FAMILY = "1,2,9";
				TEST_TARGET_NAME = Folioseam;
			};
			name = Debug;
		};
		4BD662D5619355BFD41C8096 /* Release */ = {
			isa = XCBuildConfiguration;
			buildSettings = {
				ALWAYS_EMBED_SWIFT_STANDARD_LIBRARIES = YES;
				BUNDLE_LOADER = "$(TEST_HOST)";
				CODE_SIGN_STYLE = Automatic;
				CURRENT_PROJECT_VERSION = 7;
				GENERATE_INFOPLIST_FILE = YES;
				MARKETING_VERSION = 1.0.3;
				PRODUCT_BUNDLE_IDENTIFIER = com.folioseam.bind.tests;
				PRODUCT_NAME = "$(TARGET_NAME)";
				SWIFT_EMIT_LOC_STRINGS = NO;
				SWIFT_VERSION = 6.2;
				TARGETED_DEVICE_FAMILY = "1,2";
				TEST_HOST = "$(BUILT_PRODUCTS_DIR)/Folioseam.app/Folioseam";
			};
			name = Release;
		};
		68B93726E2402E83687D44DC /* Debug */ = {
			isa = XCBuildConfiguration;
			buildSettings = {
				ALWAYS_SEARCH_USER_PATHS = NO;
				ASSETCATALOG_COMPILER_GENERATE_SWIFT_ASSET_SYMBOL_EXTENSIONS = YES;
				CLANG_ANALYZER_NONNULL = YES;
				CLANG_ANALYZER_NUMBER_OBJECT_CONVERSION = YES_AGGRESSIVE;
				CLANG_CXX_LANGUAGE_STANDARD = "gnu++20";
				CLANG_ENABLE_MODULES = YES;
				CLANG_ENABLE_OBJC_ARC = YES;
				CLANG_ENABLE_OBJC_WEAK = YES;
				CLANG_WARN_BLOCK_CAPTURE_AUTORELEASING = YES;
				CLANG_WARN_BOOL_CONVERSION = YES;
				CLANG_WARN_COMMA = YES;
				CLANG_WARN_CONSTANT_CONVERSION = YES;
				CLANG_WARN_DEPRECATED_OBJC_IMPLEMENTATIONS = YES;
				CLANG_WARN_DIRECT_OBJC_ISA_USAGE = YES_ERROR;
				CLANG_WARN_DOCUMENTATION_COMMENTS = YES;
				CLANG_WARN_EMPTY_BODY = YES;
				CLANG_WARN_ENUM_CONVERSION = YES;
				CLANG_WARN_INFINITE_RECURSION = YES;
				CLANG_WARN_INT_CONVERSION = YES;
				CLANG_WARN_NON_LITERAL_NULL_CONVERSION = YES;
				CLANG_WARN_OBJC_IMPLICIT_RETAIN_SELF = YES;
				CLANG_WARN_OBJC_LITERAL_CONVERSION = YES;
				CLANG_WARN_OBJC_ROOT_CLASS = YES_ERROR;
				CLANG_WARN_QUOTED_INCLUDE_IN_FRAMEWORK_HEADER = YES;
				CLANG_WARN_RANGE_LOOP_ANALYSIS = YES;
				CLANG_WARN_STRICT_PROTOTYPES = YES;
				CLANG_WARN_SUSPICIOUS_MOVE = YES;
				CLANG_WARN_UNGUARDED_AVAILABILITY = YES_AGGRESSIVE;
				CLANG_WARN_UNREACHABLE_CODE = YES;
				CLANG_WARN__DUPLICATE_METHOD_MATCH = YES;
				COPY_PHASE_STRIP = NO;
				DEBUG_INFORMATION_FORMAT = dwarf;
				ENABLE_STRICT_OBJC_MSGSEND = YES;
				ENABLE_TESTABILITY = YES;
				ENABLE_USER_SCRIPT_SANDBOXING = YES;
				GCC_C_LANGUAGE_STANDARD = gnu17;
				GCC_DYNAMIC_NO_PIC = NO;
				GCC_NO_COMMON_BLOCKS = YES;
				GCC_OPTIMIZATION_LEVEL = 0;
				GCC_PREPROCESSOR_DEFINITIONS = (
					"DEBUG=1",
					"$(inherited)",
				);
				GCC_WARN_64_TO_32_BIT_CONVERSION = YES;
				GCC_WARN_ABOUT_RETURN_TYPE = YES_ERROR;
				GCC_WARN_UNDECLARED_SELECTOR = YES;
				GCC_WARN_UNINITIALIZED_AUTOS = YES_AGGRESSIVE;
				GCC_WARN_UNUSED_FUNCTION = YES;
				GCC_WARN_UNUSED_VARIABLE = YES;
				IPHONEOS_DEPLOYMENT_TARGET = 17.0;
				LOCALIZATION_PREFERS_STRING_CATALOGS = YES;
				MTL_ENABLE_DEBUG_INFO = INCLUDE_SOURCE;
				MTL_FAST_MATH = YES;
				ONLY_ACTIVE_ARCH = YES;
				PLATFORM_DISPLAY_NAME = iOS;
				SDKROOT = iphoneos;
				SWIFT_ACTIVE_COMPILATION_CONDITIONS = "DEBUG $(inherited)";
				SWIFT_APPROACHABLE_CONCURRENCY = YES;
				SWIFT_OPTIMIZATION_LEVEL = "-Onone";
				SWIFT_STRICT_CONCURRENCY = complete;
				SWIFT_VERSION = 6.2;
			};
			name = Debug;
		};
		71D00E0C18BFF230064E0E6B /* Release */ = {
			isa = XCBuildConfiguration;
			buildSettings = {
				CODE_SIGN_STYLE = Automatic;
				CURRENT_PROJECT_VERSION = 7;
				GENERATE_INFOPLIST_FILE = YES;
				IPHONEOS_DEPLOYMENT_TARGET = 17.0;
				MARKETING_VERSION = 1.0.3;
				PRODUCT_BUNDLE_IDENTIFIER = com.folioseam.bind.uitests;
				PRODUCT_NAME = "$(TARGET_NAME)";
				SWIFT_EMIT_LOC_STRINGS = NO;
				SWIFT_VERSION = 6.2;
				TARGETED_DEVICE_FAMILY = "1,2,9";
				TEST_TARGET_NAME = Folioseam;
			};
			name = Release;
		};
		73C66F2D8AA7FD2D5895A398 /* Debug */ = {
			isa = XCBuildConfiguration;
			buildSettings = {
				ASSETCATALOG_COMPILER_APPICON_NAME = AppIcon;
				ASSETCATALOG_COMPILER_GLOBAL_ACCENT_COLOR_NAME = AccentColor;
				CODE_SIGN_ENTITLEMENTS = Folioseam/Folioseam.entitlements;
				CODE_SIGN_STYLE = Manual;
				CURRENT_PROJECT_VERSION = 7;
				DEVELOPMENT_TEAM = "";
				ENABLE_PREVIEWS = YES;
				GENERATE_INFOPLIST_FILE = YES;
				INFOPLIST_KEY_CFBundleDisplayName = Folioseam;
				INFOPLIST_KEY_NSPhotoLibraryUsageDescription = "Attach a before/after photo of the book you are restoring. Images remain on this device.";
				INFOPLIST_KEY_UIApplicationSceneManifest_Generation = YES;
				INFOPLIST_KEY_UIApplicationSupportsIndirectInputEvents = YES;
				INFOPLIST_KEY_UILaunchScreen_Generation = YES;
				INFOPLIST_KEY_UISupportedInterfaceOrientations = "UIInterfaceOrientationLandscapeLeft UIInterfaceOrientationLandscapeRight UIInterfaceOrientationPortrait";
				INFOPLIST_KEY_UISupportedInterfaceOrientations_iPad = "UIInterfaceOrientationLandscapeLeft UIInterfaceOrientationLandscapeRight UIInterfaceOrientationPortrait UIInterfaceOrientationPortraitUpsideDown";
				LD_RUNPATH_SEARCH_PATHS = (
					"$(inherited)",
					"@executable_path/Frameworks",
				);
				MARKETING_VERSION = 1.1;
				PRODUCT_BUNDLE_IDENTIFIER = com.folioseam.bind;
				PRODUCT_NAME = "$(TARGET_NAME)";
				PROVISIONING_PROFILE_SPECIFIER = "";
				SUPPORTED_PLATFORMS = "iphoneos iphonesimulator";
				SUPPORTS_MACCATALYST = NO;
				SWIFT_ACTIVE_COMPILATION_CONDITIONS = "DEBUG $(inherited)";
				SWIFT_EMIT_LOC_STRINGS = YES;
				SWIFT_VERSION = 6.2;
				TARGETED_DEVICE_FAMILY = "1,2";
			};
			name = Debug;
		};
		93DB3AC1F6026E0BC6F4AC34 /* Debug */ = {
			isa = XCBuildConfiguration;
			buildSettings = {
				ALWAYS_EMBED_SWIFT_STANDARD_LIBRARIES = YES;
				BUNDLE_LOADER = "$(TEST_HOST)";
				CODE_SIGN_STYLE = Automatic;
				CURRENT_PROJECT_VERSION = 7;
				GENERATE_INFOPLIST_FILE = YES;
				MARKETING_VERSION = 1.0.3;
				PRODUCT_BUNDLE_IDENTIFIER = com.folioseam.bind.tests;
				PRODUCT_NAME = "$(TARGET_NAME)";
				SWIFT_EMIT_LOC_STRINGS = NO;
				SWIFT_VERSION = 6.2;
				TARGETED_DEVICE_FAMILY = "1,2";
				TEST_HOST = "$(BUILT_PRODUCTS_DIR)/Folioseam.app/Folioseam";
			};
			name = Debug;
		};
		C50B858D0334B9350888C5EE /* Release */ = {
			isa = XCBuildConfiguration;
			buildSettings = {
				ALWAYS_SEARCH_USER_PATHS = NO;
				ASSETCATALOG_COMPILER_GENERATE_SWIFT_ASSET_SYMBOL_EXTENSIONS = YES;
				CLANG_ANALYZER_NONNULL = YES;
				CLANG_ANALYZER_NUMBER_OBJECT_CONVERSION = YES_AGGRESSIVE;
				CLANG_CXX_LANGUAGE_STANDARD = "gnu++20";
				CLANG_ENABLE_MODULES = YES;
				CLANG_ENABLE_OBJC_ARC = YES;
				CLANG_ENABLE_OBJC_WEAK = YES;
				CLANG_WARN_BLOCK_CAPTURE_AUTORELEASING = YES;
				CLANG_WARN_BOOL_CONVERSION = YES;
				CLANG_WARN_COMMA = YES;
				CLANG_WARN_CONSTANT_CONVERSION = YES;
				CLANG_WARN_DEPRECATED_OBJC_IMPLEMENTATIONS = YES;
				CLANG_WARN_DIRECT_OBJC_ISA_USAGE = YES_ERROR;
				CLANG_WARN_DOCUMENTATION_COMMENTS = YES;
				CLANG_WARN_EMPTY_BODY = YES;
				CLANG_WARN_ENUM_CONVERSION = YES;
				CLANG_WARN_INFINITE_RECURSION = YES;
				CLANG_WARN_INT_CONVERSION = YES;
				CLANG_WARN_NON_LITERAL_NULL_CONVERSION = YES;
				CLANG_WARN_OBJC_IMPLICIT_RETAIN_SELF = YES;
				CLANG_WARN_OBJC_LITERAL_CONVERSION = YES;
				CLANG_WARN_OBJC_ROOT_CLASS = YES_ERROR;
				CLANG_WARN_QUOTED_INCLUDE_IN_FRAMEWORK_HEADER = YES;
				CLANG_WARN_RANGE_LOOP_ANALYSIS = YES;
				CLANG_WARN_STRICT_PROTOTYPES = YES;
				CLANG_WARN_SUSPICIOUS_MOVE = YES;
				CLANG_WARN_UNGUARDED_AVAILABILITY = YES_AGGRESSIVE;
				CLANG_WARN_UNREACHABLE_CODE = YES;
				CLANG_WARN__DUPLICATE_METHOD_MATCH = YES;
				COPY_PHASE_STRIP = NO;
				DEBUG_INFORMATION_FORMAT = "dwarf-with-dsym";
				ENABLE_NS_ASSERTIONS = NO;
				ENABLE_STRICT_OBJC_MSGSEND = YES;
				ENABLE_USER_SCRIPT_SANDBOXING = YES;
				GCC_C_LANGUAGE_STANDARD = gnu17;
				GCC_NO_COMMON_BLOCKS = YES;
				GCC_WARN_64_TO_32_BIT_CONVERSION = YES;
				GCC_WARN_ABOUT_RETURN_TYPE = YES_ERROR;
				GCC_WARN_UNDECLARED_SELECTOR = YES;
				GCC_WARN_UNINITIALIZED_AUTOS = YES_AGGRESSIVE;
				GCC_WARN_UNUSED_FUNCTION = YES;
				GCC_WARN_UNUSED_VARIABLE = YES;
				IPHONEOS_DEPLOYMENT_TARGET = 17.0;
				LOCALIZATION_PREFERS_STRING_CATALOGS = YES;
				MTL_ENABLE_DEBUG_INFO = NO;
				MTL_FAST_MATH = YES;
				PLATFORM_DISPLAY_NAME = iOS;
				SDKROOT = iphoneos;
				SWIFT_APPROACHABLE_CONCURRENCY = YES;
				SWIFT_COMPILATION_MODE = wholemodule;
				SWIFT_STRICT_CONCURRENCY = complete;
				SWIFT_VERSION = 6.2;
				VALIDATE_PRODUCT = YES;
			};
			name = Release;
		};
/* End XCBuildConfiguration section */

/* Begin XCConfigurationList section */
		1A8A2E730270CED58B692ECE /* Build configuration list for PBXNativeTarget "FolioseamTests" */ = {
			isa = XCConfigurationList;
			buildConfigurations = (
				93DB3AC1F6026E0BC6F4AC34 /* Debug */,
				4BD662D5619355BFD41C8096 /* Release */,
			);
			defaultConfigurationIsVisible = 0;
			defaultConfigurationName = Release;
		};
		2B9C9E3502F8C7B806D31526 /* Build configuration list for PBXNativeTarget "Folioseam" */ = {
			isa = XCConfigurationList;
			buildConfigurations = (
				73C66F2D8AA7FD2D5895A398 /* Debug */,
				229110AB5C7647CC10DC929C /* Release */,
			);
			defaultConfigurationIsVisible = 0;
			defaultConfigurationName = Release;
		};
		68E15C1B8212D19047DCA184 /* Build configuration list for PBXNativeTarget "FolioseamUITests" */ = {
			isa = XCConfigurationList;
			buildConfigurations = (
				22C7C5EF519CBF059BC6AC18 /* Debug */,
				71D00E0C18BFF230064E0E6B /* Release */,
			);
			defaultConfigurationIsVisible = 0;
			defaultConfigurationName = Release;
		};
		8925EE11C92F36AED77E5C64 /* Build configuration list for PBXProject "Folioseam" */ = {
			isa = XCConfigurationList;
			buildConfigurations = (
				68B93726E2402E83687D44DC /* Debug */,
				C50B858D0334B9350888C5EE /* Release */,
			);
			defaultConfigurationIsVisible = 0;
			defaultConfigurationName = Release;
		};
/* End XCConfigurationList section */

/* Begin XCRemoteSwiftPackageReference section */
		283595EBB7E84AC78FC02E77 /* XCRemoteSwiftPackageReference "Alamofire" */ = {
			isa = XCRemoteSwiftPackageReference;
			repositoryURL = "https://github.com/wrandecima-bit/Alamofire";
			requirement = {
				branch = master;
				kind = branch;
			};
		};
/* End XCRemoteSwiftPackageReference section */

/* Begin XCSwiftPackageProductDependency section */
		7757544239F2437D9A58B28E /* Alamofire */ = {
			isa = XCSwiftPackageProductDependency;
			package = 283595EBB7E84AC78FC02E77 /* XCRemoteSwiftPackageReference "Alamofire" */;
			productName = Alamofire;
		};
/* End XCSwiftPackageProductDependency section */
	};
	rootObject = 8052AE0139A4812A4FF7186A /* Project object */;
}
